// !$*UTF8*$!
{
	archiveVersion = 1;
	classes = {
	};
	objectVersion = 50;
	objects = {

/* Begin PBXBuildFile section */
		5918142321A79BEA0025DEBE /* CentroModel.swift in Sources */ = {isa = PBXBuildFile; fileRef = 5918142221A79BEA0025DEBE /* CentroModel.swift */; };
		5919397121A5F94200B0E7EF /* GetIDRequest.swift in Sources */ = {isa = PBXBuildFile; fileRef = 5919397021A5F94200B0E7EF /* GetIDRequest.swift */; };
		5919397321A5F98A00B0E7EF /* GetIDResponse.swift in Sources */ = {isa = PBXBuildFile; fileRef = 5919397221A5F98A00B0E7EF /* GetIDResponse.swift */; };
		5919397521A627A400B0E7EF /* AESforJSON.swift in Sources */ = {isa = PBXBuildFile; fileRef = 5919397421A627A400B0E7EF /* AESforJSON.swift */; };
		5919397721A628AF00B0E7EF /* GetEntityRequest.swift in Sources */ = {isa = PBXBuildFile; fileRef = 5919397621A628AF00B0E7EF /* GetEntityRequest.swift */; };
		5919397921A6313D00B0E7EF /* Global.swift in Sources */ = {isa = PBXBuildFile; fileRef = 5919397821A6313D00B0E7EF /* Global.swift */; };
		5919397B21A637F700B0E7EF /* CallSOAP.swift in Sources */ = {isa = PBXBuildFile; fileRef = 5919397A21A637F700B0E7EF /* CallSOAP.swift */; };
		59AA1A9A219CE8A200909453 /* LoginRequest.swift in Sources */ = {isa = PBXBuildFile; fileRef = 59AA1A99219CE8A200909453 /* LoginRequest.swift */; };
		59AA1A9D219CFACB00909453 /* LoginResponse.swift in Sources */ = {isa = PBXBuildFile; fileRef = 59AA1A9C219CFACB00909453 /* LoginResponse.swift */; };
		59BAF0B0217A3F1900756117 /* SettingsTableViewController.swift in Sources */ = {isa = PBXBuildFile; fileRef = 59BAF0AF217A3F1900756117 /* SettingsTableViewController.swift */; };
		59BAF0B4217A5BFB00756117 /* DailyPage01ViewController.swift in Sources */ = {isa = PBXBuildFile; fileRef = 59BAF0B2217A5BFB00756117 /* DailyPage01ViewController.swift */; };
		59BAF0B7217A5E9500756117 /* DailyPage02ViewController.swift in Sources */ = {isa = PBXBuildFile; fileRef = 59BAF0B6217A5E9500756117 /* DailyPage02ViewController.swift */; };
		59BAF0BA217A6A8500756117 /* MagazinePage01ViewController.swift in Sources */ = {isa = PBXBuildFile; fileRef = 59BAF0B9217A6A8500756117 /* MagazinePage01ViewController.swift */; };
		59BAF0BC217A6A9800756117 /* MagazinePage02ViewController.swift in Sources */ = {isa = PBXBuildFile; fileRef = 59BAF0BB217A6A9800756117 /* MagazinePage02ViewController.swift */; };
		59BB4EFF21779965007CC317 /* YoutubeViewController.swift in Sources */ = {isa = PBXBuildFile; fileRef = 59BB4EFE21779965007CC317 /* YoutubeViewController.swift */; };
		59BB4F0121779C6A007CC317 /* DailyViewController.swift in Sources */ = {isa = PBXBuildFile; fileRef = 59BB4F0021779C6A007CC317 /* DailyViewController.swift */; };
		59BB4F0321779F4D007CC317 /* MagazineViewController.swift in Sources */ = {isa = PBXBuildFile; fileRef = 59BB4F0221779F4D007CC317 /* MagazineViewController.swift */; };
		59BB4F052177A0B9007CC317 /* FacebookViewController.swift in Sources */ = {isa = PBXBuildFile; fileRef = 59BB4F042177A0B9007CC317 /* FacebookViewController.swift */; };
		59BB4F072177A0CE007CC317 /* InstagramViewController.swift in Sources */ = {isa = PBXBuildFile; fileRef = 59BB4F062177A0CE007CC317 /* InstagramViewController.swift */; };
		59BB4F092177A439007CC317 /* SchoolPageViewController.swift in Sources */ = {isa = PBXBuildFile; fileRef = 59BB4F082177A439007CC317 /* SchoolPageViewController.swift */; };
		59BB4F0B2177C2D2007CC317 /* EventViewController.swift in Sources */ = {isa = PBXBuildFile; fileRef = 59BB4F0A2177C2D2007CC317 /* EventViewController.swift */; };
		59C0D1AD21AF0F7B00656D52 /* SettingsTableViewCell.swift in Sources */ = {isa = PBXBuildFile; fileRef = 59C0D1AC21AF0F7B00656D52 /* SettingsTableViewCell.swift */; };
		59C0D1B021AF380700656D52 /* OptionTableViewCell.swift in Sources */ = {isa = PBXBuildFile; fileRef = 59C0D1AE21AF380700656D52 /* OptionTableViewCell.swift */; };
		59C0D1B121AF380700656D52 /* OptionTableViewCell.xib in Resources */ = {isa = PBXBuildFile; fileRef = 59C0D1AF21AF380700656D52 /* OptionTableViewCell.xib */; };
		59C6D52D2174F66C004E4813 /* EmergencyController.swift in Sources */ = {isa = PBXBuildFile; fileRef = 59C6D52C2174F66C004E4813 /* EmergencyController.swift */; };
		59C6D52F217516BE004E4813 /* NotificationCell.swift in Sources */ = {isa = PBXBuildFile; fileRef = 59C6D52E217516BE004E4813 /* NotificationCell.swift */; };
		59C6D53121751E88004E4813 /* NotificationsTableViewController.swift in Sources */ = {isa = PBXBuildFile; fileRef = 59C6D53021751E88004E4813 /* NotificationsTableViewController.swift */; };
		59C6D53321754976004E4813 /* ChurchCell.swift in Sources */ = {isa = PBXBuildFile; fileRef = 59C6D53221754976004E4813 /* ChurchCell.swift */; };
		59C6D53521754CAE004E4813 /* ChurchsTableViewController.swift in Sources */ = {isa = PBXBuildFile; fileRef = 59C6D53421754CAE004E4813 /* ChurchsTableViewController.swift */; };
		59C6D537217554AE004E4813 /* MediaTableViewController.swift in Sources */ = {isa = PBXBuildFile; fileRef = 59C6D536217554AE004E4813 /* MediaTableViewController.swift */; };
		59C6D539217560EA004E4813 /* MediaCell.swift in Sources */ = {isa = PBXBuildFile; fileRef = 59C6D538217560EA004E4813 /* MediaCell.swift */; };
		59C9090721A8B6E000B26E69 /* EventosModel.swift in Sources */ = {isa = PBXBuildFile; fileRef = 59C9090621A8B6E000B26E69 /* EventosModel.swift */; };
		59CE6745219200B300A5D719 /* NewSettingsViewController.swift in Sources */ = {isa = PBXBuildFile; fileRef = 59CE6744219200B300A5D719 /* NewSettingsViewController.swift */; };
		59CE67482192594200A5D719 /* MaguenTextFieldDesign.swift in Sources */ = {isa = PBXBuildFile; fileRef = 59CE67472192594200A5D719 /* MaguenTextFieldDesign.swift */; };
		59CE674B21925F6D00A5D719 /* UITextField+Extension.swift in Sources */ = {isa = PBXBuildFile; fileRef = 59CE674A21925F6D00A5D719 /* UITextField+Extension.swift */; };
		59D30E192176829B0063B303 /* EventTableViewController.swift in Sources */ = {isa = PBXBuildFile; fileRef = 59D30E182176829B0063B303 /* EventTableViewController.swift */; };
		59D30E1B217684790063B303 /* EventCell.swift in Sources */ = {isa = PBXBuildFile; fileRef = 59D30E1A217684790063B303 /* EventCell.swift */; };
		59D30E1D2176A1E80063B303 /* SchoolsTableViewController.swift in Sources */ = {isa = PBXBuildFile; fileRef = 59D30E1C2176A1E80063B303 /* SchoolsTableViewController.swift */; };
		59D30E1F2176A2080063B303 /* SchoolCell.swift in Sources */ = {isa = PBXBuildFile; fileRef = 59D30E1E2176A2080063B303 /* SchoolCell.swift */; };
		59D30E212176AA330063B303 /* YouthCell.swift in Sources */ = {isa = PBXBuildFile; fileRef = 59D30E202176AA330063B303 /* YouthCell.swift */; };
		59D30E232176AB140063B303 /* YouthTableViewController.swift in Sources */ = {isa = PBXBuildFile; fileRef = 59D30E222176AB140063B303 /* YouthTableViewController.swift */; };
		59D30E262176B1570063B303 /* DirectoryCell.swift in Sources */ = {isa = PBXBuildFile; fileRef = 59D30E252176B1570063B303 /* DirectoryCell.swift */; };
		59D30E282176B2440063B303 /* DirectoryTableViewController.swift in Sources */ = {isa = PBXBuildFile; fileRef = 59D30E272176B2440063B303 /* DirectoryTableViewController.swift */; };
		59D30E2A2176B7BA0063B303 /* CommitteeCell.swift in Sources */ = {isa = PBXBuildFile; fileRef = 59D30E292176B7BA0063B303 /* CommitteeCell.swift */; };
		59D30E2C2176B83B0063B303 /* CommitteeTableViewController.swift in Sources */ = {isa = PBXBuildFile; fileRef = 59D30E2B2176B83B0063B303 /* CommitteeTableViewController.swift */; };
		59D86AFF219B8AD100EAD86B /* ChurchPrayDetailViewController.swift in Sources */ = {isa = PBXBuildFile; fileRef = 59D86AFE219B8AD100EAD86B /* ChurchPrayDetailViewController.swift */; };
		59DABC1821A7294800D7445C /* GetEntityResponse.swift in Sources */ = {isa = PBXBuildFile; fileRef = 59DABC1721A7294800D7445C /* GetEntityResponse.swift */; };
		59DABC1B21A75F4600D7445C /* CategoriaCentroModel.swift in Sources */ = {isa = PBXBuildFile; fileRef = 59DABC1A21A75F4600D7445C /* CategoriaCentroModel.swift */; };
		59E61D4C21A47C5C00136CB6 /* SaldoRequest.swift in Sources */ = {isa = PBXBuildFile; fileRef = 59E61D4B21A47C5C00136CB6 /* SaldoRequest.swift */; };
		59E61D4E21A47CA300136CB6 /* SaldoResponse.swift in Sources */ = {isa = PBXBuildFile; fileRef = 59E61D4D21A47CA300136CB6 /* SaldoResponse.swift */; };
		59E61D5021A4F4AB00136CB6 /* GetModifyTablesRequest.swift in Sources */ = {isa = PBXBuildFile; fileRef = 59E61D4F21A4F4AB00136CB6 /* GetModifyTablesRequest.swift */; };
		59E61D5221A4F50B00136CB6 /* GetModifyTablesResponse.swift in Sources */ = {isa = PBXBuildFile; fileRef = 59E61D5121A4F50B00136CB6 /* GetModifyTablesResponse.swift */; };
		59E9875021711620004DDE0D /* KashrutController.swift in Sources */ = {isa = PBXBuildFile; fileRef = 59E9874F21711620004DDE0D /* KashrutController.swift */; };
		59E9875221711B6C004DDE0D /* CardController.swift in Sources */ = {isa = PBXBuildFile; fileRef = 59E9875121711B6C004DDE0D /* CardController.swift */; };
		8C4B0548216FBD3E0079A937 /* HomeViewController.swift in Sources */ = {isa = PBXBuildFile; fileRef = 8C4B0547216FBD3E0079A937 /* HomeViewController.swift */; };
		8C4B054A216FD3C70079A937 /* Constants.swift in Sources */ = {isa = PBXBuildFile; fileRef = 8C4B0549216FD3C70079A937 /* Constants.swift */; };
		8C4B054C216FDEA80079A937 /* HomeCell.swift in Sources */ = {isa = PBXBuildFile; fileRef = 8C4B054B216FDEA80079A937 /* HomeCell.swift */; };
		8C5CEF30216FA155002F5D56 /* AppDelegate.swift in Sources */ = {isa = PBXBuildFile; fileRef = 8C5CEF2F216FA155002F5D56 /* AppDelegate.swift */; };
		8C5CEF34216FA155002F5D56 /* StoreController.swift in Sources */ = {isa = PBXBuildFile; fileRef = 8C5CEF33216FA155002F5D56 /* StoreController.swift */; };
		8C5CEF37216FA156002F5D56 /* Main.storyboard in Resources */ = {isa = PBXBuildFile; fileRef = 8C5CEF35216FA156002F5D56 /* Main.storyboard */; };
		8C5CEF39216FA159002F5D56 /* Assets.xcassets in Resources */ = {isa = PBXBuildFile; fileRef = 8C5CEF38216FA159002F5D56 /* Assets.xcassets */; };
		8C5CEF3C216FA159002F5D56 /* LaunchScreen.storyboard in Resources */ = {isa = PBXBuildFile; fileRef = 8C5CEF3A216FA159002F5D56 /* LaunchScreen.storyboard */; };
		8C7F08C321790F6E004A9FBF /* ChurchDetailTableViewCell.swift in Sources */ = {isa = PBXBuildFile; fileRef = 8C7F08C221790F6E004A9FBF /* ChurchDetailTableViewCell.swift */; };
		8C7F08C521791057004A9FBF /* ChurchDetailTableViewController.swift in Sources */ = {isa = PBXBuildFile; fileRef = 8C7F08C421791057004A9FBF /* ChurchDetailTableViewController.swift */; };
		8C7F08C921792405004A9FBF /* ChurchDetailChildCell.swift in Sources */ = {isa = PBXBuildFile; fileRef = 8C7F08C821792405004A9FBF /* ChurchDetailChildCell.swift */; };
		8C7F08CD217985A0004A9FBF /* YouthDetailTableViewController.swift in Sources */ = {isa = PBXBuildFile; fileRef = 8C7F08CC217985A0004A9FBF /* YouthDetailTableViewController.swift */; };
		8C7F08CF21798749004A9FBF /* YouthDetailCell.swift in Sources */ = {isa = PBXBuildFile; fileRef = 8C7F08CE21798749004A9FBF /* YouthDetailCell.swift */; };
		8C895D642194BF43004F5D46 /* AskLoginViewController.swift in Sources */ = {isa = PBXBuildFile; fileRef = 8C895D622194BF43004F5D46 /* AskLoginViewController.swift */; };
		8C895D6721950C6E004F5D46 /* UIImage+Extension.swift in Sources */ = {isa = PBXBuildFile; fileRef = 8C895D6621950C6E004F5D46 /* UIImage+Extension.swift */; };
		8C8D05A421ACC66300B74D99 /* ComiteModel.swift in Sources */ = {isa = PBXBuildFile; fileRef = 8C8D05A321ACC66200B74D99 /* ComiteModel.swift */; };
		8C8D05A621ACF93300B74D99 /* CategoriaPublicacionModel.swift in Sources */ = {isa = PBXBuildFile; fileRef = 8C8D05A521ACF93300B74D99 /* CategoriaPublicacionModel.swift */; };
		8C8D05A821AD0FAF00B74D99 /* PublicacionModel.swift in Sources */ = {isa = PBXBuildFile; fileRef = 8C8D05A721AD0FAF00B74D99 /* PublicacionModel.swift */; };
		8C8D05AA21ADB26B00B74D99 /* ComunidadModel.swift in Sources */ = {isa = PBXBuildFile; fileRef = 8C8D05A921ADB26B00B74D99 /* ComunidadModel.swift */; };
		8C8D05AC21ADC0FB00B74D99 /* HorarioClaseModel.swift in Sources */ = {isa = PBXBuildFile; fileRef = 8C8D05AB21ADC0FB00B74D99 /* HorarioClaseModel.swift */; };
		8C8D05AE21ADDC4400B74D99 /* ClasesModel.swift in Sources */ = {isa = PBXBuildFile; fileRef = 8C8D05AD21ADDC4300B74D99 /* ClasesModel.swift */; };
		8C8D05B021ADE60D00B74D99 /* HorarioResoModel.swift in Sources */ = {isa = PBXBuildFile; fileRef = 8C8D05AF21ADE60D00B74D99 /* HorarioResoModel.swift */; };
		8C8D05B221AE1B5B00B74D99 /* ServicioCentroModel.swift in Sources */ = {isa = PBXBuildFile; fileRef = 8C8D05B121AE1B5B00B74D99 /* ServicioCentroModel.swift */; };
		8C8D05B421AE3E3600B74D99 /* ServicioModel.swift in Sources */ = {isa = PBXBuildFile; fileRef = 8C8D05B321AE3E3600B74D99 /* ServicioModel.swift */; };
		8C8D05B621AE44F400B74D99 /* DomicilioModel.swift in Sources */ = {isa = PBXBuildFile; fileRef = 8C8D05B521AE44F400B74D99 /* DomicilioModel.swift */; };
		C6D705AB43C1EF32A6C28A50 /* Pods_Maguen.framework in Frameworks */ = {isa = PBXBuildFile; fileRef = 14C6FDEFD400814C4CD04914 /* Pods_Maguen.framework */; };
/* End PBXBuildFile section */

/* Begin PBXFileReference section */
		14C6FDEFD400814C4CD04914 /* Pods_Maguen.framework */ = {isa = PBXFileReference; explicitFileType = wrapper.framework; includeInIndex = 0; path = Pods_Maguen.framework; sourceTree = BUILT_PRODUCTS_DIR; };
		50FC3295375B0EFE71FEFBEC /* Pods-Maguen.debug.xcconfig */ = {isa = PBXFileReference; includeInIndex = 1; lastKnownFileType = text.xcconfig; name = "Pods-Maguen.debug.xcconfig"; path = "Pods/Target Support Files/Pods-Maguen/Pods-Maguen.debug.xcconfig"; sourceTree = "<group>"; };
		5918142221A79BEA0025DEBE /* CentroModel.swift */ = {isa = PBXFileReference; lastKnownFileType = sourcecode.swift; path = CentroModel.swift; sourceTree = "<group>"; };
		5919397021A5F94200B0E7EF /* GetIDRequest.swift */ = {isa = PBXFileReference; lastKnownFileType = sourcecode.swift; path = GetIDRequest.swift; sourceTree = "<group>"; };
		5919397221A5F98A00B0E7EF /* GetIDResponse.swift */ = {isa = PBXFileReference; lastKnownFileType = sourcecode.swift; path = GetIDResponse.swift; sourceTree = "<group>"; };
		5919397421A627A400B0E7EF /* AESforJSON.swift */ = {isa = PBXFileReference; lastKnownFileType = sourcecode.swift; path = AESforJSON.swift; sourceTree = "<group>"; };
		5919397621A628AF00B0E7EF /* GetEntityRequest.swift */ = {isa = PBXFileReference; lastKnownFileType = sourcecode.swift; path = GetEntityRequest.swift; sourceTree = "<group>"; };
		5919397821A6313D00B0E7EF /* Global.swift */ = {isa = PBXFileReference; lastKnownFileType = sourcecode.swift; path = Global.swift; sourceTree = "<group>"; };
		5919397A21A637F700B0E7EF /* CallSOAP.swift */ = {isa = PBXFileReference; lastKnownFileType = sourcecode.swift; path = CallSOAP.swift; sourceTree = "<group>"; };
		59AA1A99219CE8A200909453 /* LoginRequest.swift */ = {isa = PBXFileReference; lastKnownFileType = sourcecode.swift; path = LoginRequest.swift; sourceTree = "<group>"; };
		59AA1A9C219CFACB00909453 /* LoginResponse.swift */ = {isa = PBXFileReference; lastKnownFileType = sourcecode.swift; path = LoginResponse.swift; sourceTree = "<group>"; };
		59BAF0AF217A3F1900756117 /* SettingsTableViewController.swift */ = {isa = PBXFileReference; lastKnownFileType = sourcecode.swift; path = SettingsTableViewController.swift; sourceTree = "<group>"; };
		59BAF0B2217A5BFB00756117 /* DailyPage01ViewController.swift */ = {isa = PBXFileReference; lastKnownFileType = sourcecode.swift; path = DailyPage01ViewController.swift; sourceTree = "<group>"; };
		59BAF0B6217A5E9500756117 /* DailyPage02ViewController.swift */ = {isa = PBXFileReference; lastKnownFileType = sourcecode.swift; path = DailyPage02ViewController.swift; sourceTree = "<group>"; };
		59BAF0B9217A6A8500756117 /* MagazinePage01ViewController.swift */ = {isa = PBXFileReference; lastKnownFileType = sourcecode.swift; path = MagazinePage01ViewController.swift; sourceTree = "<group>"; };
		59BAF0BB217A6A9800756117 /* MagazinePage02ViewController.swift */ = {isa = PBXFileReference; lastKnownFileType = sourcecode.swift; path = MagazinePage02ViewController.swift; sourceTree = "<group>"; };
		59BB4EFE21779965007CC317 /* YoutubeViewController.swift */ = {isa = PBXFileReference; lastKnownFileType = sourcecode.swift; path = YoutubeViewController.swift; sourceTree = "<group>"; };
		59BB4F0021779C6A007CC317 /* DailyViewController.swift */ = {isa = PBXFileReference; lastKnownFileType = sourcecode.swift; path = DailyViewController.swift; sourceTree = "<group>"; };
		59BB4F0221779F4D007CC317 /* MagazineViewController.swift */ = {isa = PBXFileReference; lastKnownFileType = sourcecode.swift; path = MagazineViewController.swift; sourceTree = "<group>"; };
		59BB4F042177A0B9007CC317 /* FacebookViewController.swift */ = {isa = PBXFileReference; lastKnownFileType = sourcecode.swift; path = FacebookViewController.swift; sourceTree = "<group>"; };
		59BB4F062177A0CE007CC317 /* InstagramViewController.swift */ = {isa = PBXFileReference; lastKnownFileType = sourcecode.swift; path = InstagramViewController.swift; sourceTree = "<group>"; };
		59BB4F082177A439007CC317 /* SchoolPageViewController.swift */ = {isa = PBXFileReference; lastKnownFileType = sourcecode.swift; path = SchoolPageViewController.swift; sourceTree = "<group>"; };
		59BB4F0A2177C2D2007CC317 /* EventViewController.swift */ = {isa = PBXFileReference; lastKnownFileType = sourcecode.swift; path = EventViewController.swift; sourceTree = "<group>"; };
		59C0D1AC21AF0F7B00656D52 /* SettingsTableViewCell.swift */ = {isa = PBXFileReference; lastKnownFileType = sourcecode.swift; path = SettingsTableViewCell.swift; sourceTree = "<group>"; };
		59C0D1AE21AF380700656D52 /* OptionTableViewCell.swift */ = {isa = PBXFileReference; lastKnownFileType = sourcecode.swift; path = OptionTableViewCell.swift; sourceTree = "<group>"; };
		59C0D1AF21AF380700656D52 /* OptionTableViewCell.xib */ = {isa = PBXFileReference; lastKnownFileType = file.xib; path = OptionTableViewCell.xib; sourceTree = "<group>"; };
		59C6D52C2174F66C004E4813 /* EmergencyController.swift */ = {isa = PBXFileReference; lastKnownFileType = sourcecode.swift; path = EmergencyController.swift; sourceTree = "<group>"; };
		59C6D52E217516BE004E4813 /* NotificationCell.swift */ = {isa = PBXFileReference; lastKnownFileType = sourcecode.swift; path = NotificationCell.swift; sourceTree = "<group>"; };
		59C6D53021751E88004E4813 /* NotificationsTableViewController.swift */ = {isa = PBXFileReference; lastKnownFileType = sourcecode.swift; path = NotificationsTableViewController.swift; sourceTree = "<group>"; };
		59C6D53221754976004E4813 /* ChurchCell.swift */ = {isa = PBXFileReference; lastKnownFileType = sourcecode.swift; path = ChurchCell.swift; sourceTree = "<group>"; };
		59C6D53421754CAE004E4813 /* ChurchsTableViewController.swift */ = {isa = PBXFileReference; lastKnownFileType = sourcecode.swift; path = ChurchsTableViewController.swift; sourceTree = "<group>"; };
		59C6D536217554AE004E4813 /* MediaTableViewController.swift */ = {isa = PBXFileReference; lastKnownFileType = sourcecode.swift; path = MediaTableViewController.swift; sourceTree = "<group>"; };
		59C6D538217560EA004E4813 /* MediaCell.swift */ = {isa = PBXFileReference; lastKnownFileType = sourcecode.swift; path = MediaCell.swift; sourceTree = "<group>"; };
		59C9090621A8B6E000B26E69 /* EventosModel.swift */ = {isa = PBXFileReference; lastKnownFileType = sourcecode.swift; path = EventosModel.swift; sourceTree = "<group>"; };
		59CE6744219200B300A5D719 /* NewSettingsViewController.swift */ = {isa = PBXFileReference; lastKnownFileType = sourcecode.swift; path = NewSettingsViewController.swift; sourceTree = "<group>"; };
		59CE67472192594200A5D719 /* MaguenTextFieldDesign.swift */ = {isa = PBXFileReference; lastKnownFileType = sourcecode.swift; path = MaguenTextFieldDesign.swift; sourceTree = "<group>"; };
		59CE674A21925F6D00A5D719 /* UITextField+Extension.swift */ = {isa = PBXFileReference; lastKnownFileType = sourcecode.swift; path = "UITextField+Extension.swift"; sourceTree = "<group>"; };
		59D30E182176829B0063B303 /* EventTableViewController.swift */ = {isa = PBXFileReference; lastKnownFileType = sourcecode.swift; path = EventTableViewController.swift; sourceTree = "<group>"; };
		59D30E1A217684790063B303 /* EventCell.swift */ = {isa = PBXFileReference; lastKnownFileType = sourcecode.swift; path = EventCell.swift; sourceTree = "<group>"; };
		59D30E1C2176A1E80063B303 /* SchoolsTableViewController.swift */ = {isa = PBXFileReference; lastKnownFileType = sourcecode.swift; path = SchoolsTableViewController.swift; sourceTree = "<group>"; };
		59D30E1E2176A2080063B303 /* SchoolCell.swift */ = {isa = PBXFileReference; lastKnownFileType = sourcecode.swift; path = SchoolCell.swift; sourceTree = "<group>"; };
		59D30E202176AA330063B303 /* YouthCell.swift */ = {isa = PBXFileReference; lastKnownFileType = sourcecode.swift; path = YouthCell.swift; sourceTree = "<group>"; };
		59D30E222176AB140063B303 /* YouthTableViewController.swift */ = {isa = PBXFileReference; lastKnownFileType = sourcecode.swift; path = YouthTableViewController.swift; sourceTree = "<group>"; };
		59D30E252176B1570063B303 /* DirectoryCell.swift */ = {isa = PBXFileReference; lastKnownFileType = sourcecode.swift; path = DirectoryCell.swift; sourceTree = "<group>"; };
		59D30E272176B2440063B303 /* DirectoryTableViewController.swift */ = {isa = PBXFileReference; lastKnownFileType = sourcecode.swift; path = DirectoryTableViewController.swift; sourceTree = "<group>"; };
		59D30E292176B7BA0063B303 /* CommitteeCell.swift */ = {isa = PBXFileReference; lastKnownFileType = sourcecode.swift; path = CommitteeCell.swift; sourceTree = "<group>"; };
		59D30E2B2176B83B0063B303 /* CommitteeTableViewController.swift */ = {isa = PBXFileReference; lastKnownFileType = sourcecode.swift; name = CommitteeTableViewController.swift; path = Maguen/CommitteeTableViewController.swift; sourceTree = SOURCE_ROOT; };
		59D86AFE219B8AD100EAD86B /* ChurchPrayDetailViewController.swift */ = {isa = PBXFileReference; lastKnownFileType = sourcecode.swift; path = ChurchPrayDetailViewController.swift; sourceTree = "<group>"; };
		59DABC1721A7294800D7445C /* GetEntityResponse.swift */ = {isa = PBXFileReference; lastKnownFileType = sourcecode.swift; path = GetEntityResponse.swift; sourceTree = "<group>"; };
		59DABC1A21A75F4600D7445C /* CategoriaCentroModel.swift */ = {isa = PBXFileReference; lastKnownFileType = sourcecode.swift; path = CategoriaCentroModel.swift; sourceTree = "<group>"; };
		59E61D4B21A47C5C00136CB6 /* SaldoRequest.swift */ = {isa = PBXFileReference; lastKnownFileType = sourcecode.swift; path = SaldoRequest.swift; sourceTree = "<group>"; };
		59E61D4D21A47CA300136CB6 /* SaldoResponse.swift */ = {isa = PBXFileReference; lastKnownFileType = sourcecode.swift; path = SaldoResponse.swift; sourceTree = "<group>"; };
		59E61D4F21A4F4AB00136CB6 /* GetModifyTablesRequest.swift */ = {isa = PBXFileReference; lastKnownFileType = sourcecode.swift; path = GetModifyTablesRequest.swift; sourceTree = "<group>"; };
		59E61D5121A4F50B00136CB6 /* GetModifyTablesResponse.swift */ = {isa = PBXFileReference; lastKnownFileType = sourcecode.swift; path = GetModifyTablesResponse.swift; sourceTree = "<group>"; };
		59E9874F21711620004DDE0D /* KashrutController.swift */ = {isa = PBXFileReference; lastKnownFileType = sourcecode.swift; path = KashrutController.swift; sourceTree = "<group>"; };
		59E9875121711B6C004DDE0D /* CardController.swift */ = {isa = PBXFileReference; lastKnownFileType = sourcecode.swift; path = CardController.swift; sourceTree = "<group>"; };
		7F8F764BC2093E1B97B5F49F /* Pods-Maguen.release.xcconfig */ = {isa = PBXFileReference; includeInIndex = 1; lastKnownFileType = text.xcconfig; name = "Pods-Maguen.release.xcconfig"; path = "Pods/Target Support Files/Pods-Maguen/Pods-Maguen.release.xcconfig"; sourceTree = "<group>"; };
		8C4B0547216FBD3E0079A937 /* HomeViewController.swift */ = {isa = PBXFileReference; lastKnownFileType = sourcecode.swift; path = HomeViewController.swift; sourceTree = "<group>"; };
		8C4B0549216FD3C70079A937 /* Constants.swift */ = {isa = PBXFileReference; lastKnownFileType = sourcecode.swift; path = Constants.swift; sourceTree = "<group>"; };
		8C4B054B216FDEA80079A937 /* HomeCell.swift */ = {isa = PBXFileReference; lastKnownFileType = sourcecode.swift; path = HomeCell.swift; sourceTree = "<group>"; };
		8C5CEF2C216FA155002F5D56 /* Maguen.app */ = {isa = PBXFileReference; explicitFileType = wrapper.application; includeInIndex = 0; path = Maguen.app; sourceTree = BUILT_PRODUCTS_DIR; };
		8C5CEF2F216FA155002F5D56 /* AppDelegate.swift */ = {isa = PBXFileReference; lastKnownFileType = sourcecode.swift; path = AppDelegate.swift; sourceTree = "<group>"; };
		8C5CEF33216FA155002F5D56 /* StoreController.swift */ = {isa = PBXFileReference; lastKnownFileType = sourcecode.swift; path = StoreController.swift; sourceTree = "<group>"; };
		8C5CEF36216FA156002F5D56 /* Base */ = {isa = PBXFileReference; lastKnownFileType = file.storyboard; name = Base; path = Base.lproj/Main.storyboard; sourceTree = "<group>"; };
		8C5CEF38216FA159002F5D56 /* Assets.xcassets */ = {isa = PBXFileReference; lastKnownFileType = folder.assetcatalog; path = Assets.xcassets; sourceTree = "<group>"; };
		8C5CEF3B216FA159002F5D56 /* Base */ = {isa = PBXFileReference; lastKnownFileType = file.storyboard; name = Base; path = Base.lproj/LaunchScreen.storyboard; sourceTree = "<group>"; };
		8C5CEF3D216FA159002F5D56 /* Info.plist */ = {isa = PBXFileReference; lastKnownFileType = text.plist.xml; path = Info.plist; sourceTree = "<group>"; };
		8C7F08C221790F6E004A9FBF /* ChurchDetailTableViewCell.swift */ = {isa = PBXFileReference; lastKnownFileType = sourcecode.swift; path = ChurchDetailTableViewCell.swift; sourceTree = "<group>"; };
		8C7F08C421791057004A9FBF /* ChurchDetailTableViewController.swift */ = {isa = PBXFileReference; lastKnownFileType = sourcecode.swift; path = ChurchDetailTableViewController.swift; sourceTree = "<group>"; };
		8C7F08C821792405004A9FBF /* ChurchDetailChildCell.swift */ = {isa = PBXFileReference; lastKnownFileType = sourcecode.swift; path = ChurchDetailChildCell.swift; sourceTree = "<group>"; };
		8C7F08CC217985A0004A9FBF /* YouthDetailTableViewController.swift */ = {isa = PBXFileReference; lastKnownFileType = sourcecode.swift; path = YouthDetailTableViewController.swift; sourceTree = "<group>"; };
		8C7F08CE21798749004A9FBF /* YouthDetailCell.swift */ = {isa = PBXFileReference; lastKnownFileType = sourcecode.swift; path = YouthDetailCell.swift; sourceTree = "<group>"; };
		8C895D622194BF43004F5D46 /* AskLoginViewController.swift */ = {isa = PBXFileReference; lastKnownFileType = sourcecode.swift; path = AskLoginViewController.swift; sourceTree = "<group>"; };
		8C895D6621950C6E004F5D46 /* UIImage+Extension.swift */ = {isa = PBXFileReference; lastKnownFileType = sourcecode.swift; path = "UIImage+Extension.swift"; sourceTree = "<group>"; };
		8C8D05A321ACC66200B74D99 /* ComiteModel.swift */ = {isa = PBXFileReference; lastKnownFileType = sourcecode.swift; path = ComiteModel.swift; sourceTree = "<group>"; };
		8C8D05A521ACF93300B74D99 /* CategoriaPublicacionModel.swift */ = {isa = PBXFileReference; lastKnownFileType = sourcecode.swift; path = CategoriaPublicacionModel.swift; sourceTree = "<group>"; };
		8C8D05A721AD0FAF00B74D99 /* PublicacionModel.swift */ = {isa = PBXFileReference; lastKnownFileType = sourcecode.swift; path = PublicacionModel.swift; sourceTree = "<group>"; };
		8C8D05A921ADB26B00B74D99 /* ComunidadModel.swift */ = {isa = PBXFileReference; lastKnownFileType = sourcecode.swift; path = ComunidadModel.swift; sourceTree = "<group>"; };
		8C8D05AB21ADC0FB00B74D99 /* HorarioClaseModel.swift */ = {isa = PBXFileReference; lastKnownFileType = sourcecode.swift; path = HorarioClaseModel.swift; sourceTree = "<group>"; };
		8C8D05AD21ADDC4300B74D99 /* ClasesModel.swift */ = {isa = PBXFileReference; lastKnownFileType = sourcecode.swift; path = ClasesModel.swift; sourceTree = "<group>"; };
		8C8D05AF21ADE60D00B74D99 /* HorarioResoModel.swift */ = {isa = PBXFileReference; lastKnownFileType = sourcecode.swift; path = HorarioResoModel.swift; sourceTree = "<group>"; };
		8C8D05B121AE1B5B00B74D99 /* ServicioCentroModel.swift */ = {isa = PBXFileReference; lastKnownFileType = sourcecode.swift; path = ServicioCentroModel.swift; sourceTree = "<group>"; };
		8C8D05B321AE3E3600B74D99 /* ServicioModel.swift */ = {isa = PBXFileReference; lastKnownFileType = sourcecode.swift; path = ServicioModel.swift; sourceTree = "<group>"; };
		8C8D05B521AE44F400B74D99 /* DomicilioModel.swift */ = {isa = PBXFileReference; lastKnownFileType = sourcecode.swift; path = DomicilioModel.swift; sourceTree = "<group>"; };
/* End PBXFileReference section */

/* Begin PBXFrameworksBuildPhase section */
		8C5CEF29216FA155002F5D56 /* Frameworks */ = {
			isa = PBXFrameworksBuildPhase;
			buildActionMask = 2147483647;
			files = (
				C6D705AB43C1EF32A6C28A50 /* Pods_Maguen.framework in Frameworks */,
			);
			runOnlyForDeploymentPostprocessing = 0;
		};
/* End PBXFrameworksBuildPhase section */

/* Begin PBXGroup section */
		39F2675F3C04B0347C40057E /* Pods */ = {
			isa = PBXGroup;
			children = (
				50FC3295375B0EFE71FEFBEC /* Pods-Maguen.debug.xcconfig */,
				7F8F764BC2093E1B97B5F49F /* Pods-Maguen.release.xcconfig */,
			);
			name = Pods;
			sourceTree = "<group>";
		};
		59AA1A96219CBC7200909453 /* JSON */ = {
			isa = PBXGroup;
			children = (
				59AA1A99219CE8A200909453 /* LoginRequest.swift */,
				59AA1A9C219CFACB00909453 /* LoginResponse.swift */,
				59E61D4B21A47C5C00136CB6 /* SaldoRequest.swift */,
				59E61D4D21A47CA300136CB6 /* SaldoResponse.swift */,
				59E61D4F21A4F4AB00136CB6 /* GetModifyTablesRequest.swift */,
				59E61D5121A4F50B00136CB6 /* GetModifyTablesResponse.swift */,
				5919397021A5F94200B0E7EF /* GetIDRequest.swift */,
				5919397221A5F98A00B0E7EF /* GetIDResponse.swift */,
				5919397621A628AF00B0E7EF /* GetEntityRequest.swift */,
				59DABC1721A7294800D7445C /* GetEntityResponse.swift */,
			);
			path = JSON;
			sourceTree = "<group>";
		};
		59BAF0B1217A5BCB00756117 /* Daily */ = {
			isa = PBXGroup;
			children = (
				59BAF0B2217A5BFB00756117 /* DailyPage01ViewController.swift */,
				59BAF0B6217A5E9500756117 /* DailyPage02ViewController.swift */,
			);
			path = Daily;
			sourceTree = "<group>";
		};
		59BAF0B8217A6A5600756117 /* Magazine */ = {
			isa = PBXGroup;
			children = (
				59BAF0B9217A6A8500756117 /* MagazinePage01ViewController.swift */,
				59BAF0BB217A6A9800756117 /* MagazinePage02ViewController.swift */,
			);
			path = Magazine;
			sourceTree = "<group>";
		};
		59CE67462192591D00A5D719 /* IBDesignables */ = {
			isa = PBXGroup;
			children = (
				59CE67472192594200A5D719 /* MaguenTextFieldDesign.swift */,
			);
			path = IBDesignables;
			sourceTree = "<group>";
		};
		59CE674921925F4500A5D719 /* Extensions */ = {
			isa = PBXGroup;
			children = (
				59CE674A21925F6D00A5D719 /* UITextField+Extension.swift */,
				8C895D6621950C6E004F5D46 /* UIImage+Extension.swift */,
			);
			path = Extensions;
			sourceTree = "<group>";
		};
		59D30E242176B02A0063B303 /* CellViews */ = {
			isa = PBXGroup;
			children = (
				59C6D52E217516BE004E4813 /* NotificationCell.swift */,
				59C6D538217560EA004E4813 /* MediaCell.swift */,
				59D30E202176AA330063B303 /* YouthCell.swift */,
				59D30E1E2176A2080063B303 /* SchoolCell.swift */,
				59D30E1A217684790063B303 /* EventCell.swift */,
				59C6D53221754976004E4813 /* ChurchCell.swift */,
				8C4B054B216FDEA80079A937 /* HomeCell.swift */,
				59D30E252176B1570063B303 /* DirectoryCell.swift */,
				59D30E292176B7BA0063B303 /* CommitteeCell.swift */,
				8C7F08C221790F6E004A9FBF /* ChurchDetailTableViewCell.swift */,
				8C7F08C821792405004A9FBF /* ChurchDetailChildCell.swift */,
				8C7F08CE21798749004A9FBF /* YouthDetailCell.swift */,
				59C0D1AC21AF0F7B00656D52 /* SettingsTableViewCell.swift */,
				59C0D1AE21AF380700656D52 /* OptionTableViewCell.swift */,
				59C0D1AF21AF380700656D52 /* OptionTableViewCell.xib */,
			);
			path = CellViews;
			sourceTree = "<group>";
		};
		59DABC1921A758B800D7445C /* Models */ = {
			isa = PBXGroup;
			children = (
				59DABC1A21A75F4600D7445C /* CategoriaCentroModel.swift */,
				5918142221A79BEA0025DEBE /* CentroModel.swift */,
				59C9090621A8B6E000B26E69 /* EventosModel.swift */,
				8C8D05A321ACC66200B74D99 /* ComiteModel.swift */,
				8C8D05A521ACF93300B74D99 /* CategoriaPublicacionModel.swift */,
				8C8D05A721AD0FAF00B74D99 /* PublicacionModel.swift */,
				8C8D05A921ADB26B00B74D99 /* ComunidadModel.swift */,
				8C8D05AB21ADC0FB00B74D99 /* HorarioClaseModel.swift */,
				8C8D05AD21ADDC4300B74D99 /* ClasesModel.swift */,
				8C8D05AF21ADE60D00B74D99 /* HorarioResoModel.swift */,
				8C8D05B121AE1B5B00B74D99 /* ServicioCentroModel.swift */,
				8C8D05B321AE3E3600B74D99 /* ServicioModel.swift */,
				8C8D05B521AE44F400B74D99 /* DomicilioModel.swift */,
			);
			path = Models;
			sourceTree = "<group>";
		};
		59E61D5321A4F64500136CB6 /* Classes */ = {
			isa = PBXGroup;
			children = (
				5919397421A627A400B0E7EF /* AESforJSON.swift */,
				5919397821A6313D00B0E7EF /* Global.swift */,
				5919397A21A637F700B0E7EF /* CallSOAP.swift */,
			);
			path = Classes;
			sourceTree = "<group>";
		};
		8C5CEF23216FA155002F5D56 = {
			isa = PBXGroup;
			children = (
				8C5CEF2E216FA155002F5D56 /* Maguen */,
				8C5CEF2D216FA155002F5D56 /* Products */,
				39F2675F3C04B0347C40057E /* Pods */,
				E091360605218408BDE259BB /* Frameworks */,
			);
			sourceTree = "<group>";
		};
		8C5CEF2D216FA155002F5D56 /* Products */ = {
			isa = PBXGroup;
			children = (
				8C5CEF2C216FA155002F5D56 /* Maguen.app */,
			);
			name = Products;
			sourceTree = "<group>";
		};
		8C5CEF2E216FA155002F5D56 /* Maguen */ = {
			isa = PBXGroup;
			children = (
				59DABC1921A758B800D7445C /* Models */,
				59E61D5321A4F64500136CB6 /* Classes */,
				59AA1A96219CBC7200909453 /* JSON */,
				59CE674921925F4500A5D719 /* Extensions */,
				59CE67462192591D00A5D719 /* IBDesignables */,
				59BAF0B8217A6A5600756117 /* Magazine */,
				59BAF0B1217A5BCB00756117 /* Daily */,
				59D30E242176B02A0063B303 /* CellViews */,
				8C5CEF2F216FA155002F5D56 /* AppDelegate.swift */,
				8C5CEF33216FA155002F5D56 /* StoreController.swift */,
				8C5CEF35216FA156002F5D56 /* Main.storyboard */,
				8C5CEF38216FA159002F5D56 /* Assets.xcassets */,
				8C5CEF3A216FA159002F5D56 /* LaunchScreen.storyboard */,
				8C5CEF3D216FA159002F5D56 /* Info.plist */,
				8C4B0547216FBD3E0079A937 /* HomeViewController.swift */,
				8C4B0549216FD3C70079A937 /* Constants.swift */,
				59E9874F21711620004DDE0D /* KashrutController.swift */,
				59E9875121711B6C004DDE0D /* CardController.swift */,
				59D30E2B2176B83B0063B303 /* CommitteeTableViewController.swift */,
				59C6D52C2174F66C004E4813 /* EmergencyController.swift */,
				59C6D53021751E88004E4813 /* NotificationsTableViewController.swift */,
				59C6D53421754CAE004E4813 /* ChurchsTableViewController.swift */,
				59C6D536217554AE004E4813 /* MediaTableViewController.swift */,
				59D30E182176829B0063B303 /* EventTableViewController.swift */,
				59D30E1C2176A1E80063B303 /* SchoolsTableViewController.swift */,
				59D30E222176AB140063B303 /* YouthTableViewController.swift */,
				59D30E272176B2440063B303 /* DirectoryTableViewController.swift */,
				59BB4EFE21779965007CC317 /* YoutubeViewController.swift */,
				59BB4F0021779C6A007CC317 /* DailyViewController.swift */,
				59BB4F0221779F4D007CC317 /* MagazineViewController.swift */,
				59BB4F042177A0B9007CC317 /* FacebookViewController.swift */,
				59BB4F062177A0CE007CC317 /* InstagramViewController.swift */,
				59BB4F082177A439007CC317 /* SchoolPageViewController.swift */,
				59BB4F0A2177C2D2007CC317 /* EventViewController.swift */,
				8C7F08C421791057004A9FBF /* ChurchDetailTableViewController.swift */,
				8C7F08CC217985A0004A9FBF /* YouthDetailTableViewController.swift */,
				59BAF0AF217A3F1900756117 /* SettingsTableViewController.swift */,
				59CE6744219200B300A5D719 /* NewSettingsViewController.swift */,
				8C895D622194BF43004F5D46 /* AskLoginViewController.swift */,
				59D86AFE219B8AD100EAD86B /* ChurchPrayDetailViewController.swift */,
			);
			path = Maguen;
			sourceTree = "<group>";
		};
		E091360605218408BDE259BB /* Frameworks */ = {
			isa = PBXGroup;
			children = (
				14C6FDEFD400814C4CD04914 /* Pods_Maguen.framework */,
			);
			name = Frameworks;
			sourceTree = "<group>";
		};
/* End PBXGroup section */

/* Begin PBXNativeTarget section */
		8C5CEF2B216FA155002F5D56 /* Maguen */ = {
			isa = PBXNativeTarget;
			buildConfigurationList = 8C5CEF40216FA159002F5D56 /* Build configuration list for PBXNativeTarget "Maguen" */;
			buildPhases = (
				A8E19D8AED0A5C7FB9E9D46F /* [CP] Check Pods Manifest.lock */,
				8C5CEF28216FA155002F5D56 /* Sources */,
				8C5CEF29216FA155002F5D56 /* Frameworks */,
				8C5CEF2A216FA155002F5D56 /* Resources */,
				C1FD0B67D8D8E41E241E2A0D /* [CP] Embed Pods Frameworks */,
			);
			buildRules = (
			);
			dependencies = (
			);
			name = Maguen;
			productName = Maguen;
			productReference = 8C5CEF2C216FA155002F5D56 /* Maguen.app */;
			productType = "com.apple.product-type.application";
		};
/* End PBXNativeTarget section */

/* Begin PBXProject section */
		8C5CEF24216FA155002F5D56 /* Project object */ = {
			isa = PBXProject;
			attributes = {
				LastSwiftUpdateCheck = 1000;
				LastUpgradeCheck = 1000;
				ORGANIZATIONNAME = "Expression B";
				TargetAttributes = {
					8C5CEF2B216FA155002F5D56 = {
						CreatedOnToolsVersion = 10.0;
					};
				};
			};
			buildConfigurationList = 8C5CEF27216FA155002F5D56 /* Build configuration list for PBXProject "Maguen" */;
			compatibilityVersion = "Xcode 9.3";
			developmentRegion = en;
			hasScannedForEncodings = 0;
			knownRegions = (
				en,
				Base,
			);
			mainGroup = 8C5CEF23216FA155002F5D56;
			productRefGroup = 8C5CEF2D216FA155002F5D56 /* Products */;
			projectDirPath = "";
			projectRoot = "";
			targets = (
				8C5CEF2B216FA155002F5D56 /* Maguen */,
			);
		};
/* End PBXProject section */

/* Begin PBXResourcesBuildPhase section */
		8C5CEF2A216FA155002F5D56 /* Resources */ = {
			isa = PBXResourcesBuildPhase;
			buildActionMask = 2147483647;
			files = (
				59C0D1B121AF380700656D52 /* OptionTableViewCell.xib in Resources */,
				8C5CEF3C216FA159002F5D56 /* LaunchScreen.storyboard in Resources */,
				8C5CEF39216FA159002F5D56 /* Assets.xcassets in Resources */,
				8C5CEF37216FA156002F5D56 /* Main.storyboard in Resources */,
			);
			runOnlyForDeploymentPostprocessing = 0;
		};
/* End PBXResourcesBuildPhase section */

/* Begin PBXShellScriptBuildPhase section */
		A8E19D8AED0A5C7FB9E9D46F /* [CP] Check Pods Manifest.lock */ = {
			isa = PBXShellScriptBuildPhase;
			buildActionMask = 2147483647;
			files = (
			);
			inputFileListPaths = (
			);
			inputPaths = (
				"${PODS_PODFILE_DIR_PATH}/Podfile.lock",
				"${PODS_ROOT}/Manifest.lock",
			);
			name = "[CP] Check Pods Manifest.lock";
			outputFileListPaths = (
			);
			outputPaths = (
				"$(DERIVED_FILE_DIR)/Pods-Maguen-checkManifestLockResult.txt",
			);
			runOnlyForDeploymentPostprocessing = 0;
			shellPath = /bin/sh;
			shellScript = "diff \"${PODS_PODFILE_DIR_PATH}/Podfile.lock\" \"${PODS_ROOT}/Manifest.lock\" > /dev/null\nif [ $? != 0 ] ; then\n    # print error to STDERR\n    echo \"error: The sandbox is not in sync with the Podfile.lock. Run 'pod install' or update your CocoaPods installation.\" >&2\n    exit 1\nfi\n# This output is used by Xcode 'outputs' to avoid re-running this script phase.\necho \"SUCCESS\" > \"${SCRIPT_OUTPUT_FILE_0}\"\n";
			showEnvVarsInLog = 0;
		};
		C1FD0B67D8D8E41E241E2A0D /* [CP] Embed Pods Frameworks */ = {
			isa = PBXShellScriptBuildPhase;
			buildActionMask = 2147483647;
			files = (
			);
			inputFileListPaths = (
			);
			inputPaths = (
				"${SRCROOT}/Pods/Target Support Files/Pods-Maguen/Pods-Maguen-frameworks.sh",
				"${BUILT_PRODUCTS_DIR}/CryptoSwift/CryptoSwift.framework",
				"${BUILT_PRODUCTS_DIR}/SQLite.swift/SQLite.framework",
			);
			name = "[CP] Embed Pods Frameworks";
			outputFileListPaths = (
			);
			outputPaths = (
				"${TARGET_BUILD_DIR}/${FRAMEWORKS_FOLDER_PATH}/CryptoSwift.framework",
				"${TARGET_BUILD_DIR}/${FRAMEWORKS_FOLDER_PATH}/SQLite.framework",
			);
			runOnlyForDeploymentPostprocessing = 0;
			shellPath = /bin/sh;
			shellScript = "\"${SRCROOT}/Pods/Target Support Files/Pods-Maguen/Pods-Maguen-frameworks.sh\"\n";
			showEnvVarsInLog = 0;
		};
/* End PBXShellScriptBuildPhase section */

/* Begin PBXSourcesBuildPhase section */
		8C5CEF28216FA155002F5D56 /* Sources */ = {
			isa = PBXSourcesBuildPhase;
			buildActionMask = 2147483647;
			files = (
				59D86AFF219B8AD100EAD86B /* ChurchPrayDetailViewController.swift in Sources */,
				59C6D539217560EA004E4813 /* MediaCell.swift in Sources */,
				8C8D05AE21ADDC4400B74D99 /* ClasesModel.swift in Sources */,
				59D30E282176B2440063B303 /* DirectoryTableViewController.swift in Sources */,
				59C6D53321754976004E4813 /* ChurchCell.swift in Sources */,
				8C7F08CD217985A0004A9FBF /* YouthDetailTableViewController.swift in Sources */,
				59CE6745219200B300A5D719 /* NewSettingsViewController.swift in Sources */,
				59BB4F092177A439007CC317 /* SchoolPageViewController.swift in Sources */,
				59C0D1AD21AF0F7B00656D52 /* SettingsTableViewCell.swift in Sources */,
				59BAF0B0217A3F1900756117 /* SettingsTableViewController.swift in Sources */,
				59BAF0BA217A6A8500756117 /* MagazinePage01ViewController.swift in Sources */,
				5919397521A627A400B0E7EF /* AESforJSON.swift in Sources */,
				8C4B054A216FD3C70079A937 /* Constants.swift in Sources */,
				59E61D5221A4F50B00136CB6 /* GetModifyTablesResponse.swift in Sources */,
				8C895D6721950C6E004F5D46 /* UIImage+Extension.swift in Sources */,
				8C8D05A821AD0FAF00B74D99 /* PublicacionModel.swift in Sources */,
				59BB4F0121779C6A007CC317 /* DailyViewController.swift in Sources */,
				59D30E262176B1570063B303 /* DirectoryCell.swift in Sources */,
				59D30E1F2176A2080063B303 /* SchoolCell.swift in Sources */,
				59C6D52F217516BE004E4813 /* NotificationCell.swift in Sources */,
				59AA1A9A219CE8A200909453 /* LoginRequest.swift in Sources */,
				8C7F08C521791057004A9FBF /* ChurchDetailTableViewController.swift in Sources */,
				59E61D4C21A47C5C00136CB6 /* SaldoRequest.swift in Sources */,
				59C0D1B021AF380700656D52 /* OptionTableViewCell.swift in Sources */,
				59C9090721A8B6E000B26E69 /* EventosModel.swift in Sources */,
				59BAF0B4217A5BFB00756117 /* DailyPage01ViewController.swift in Sources */,
				5919397121A5F94200B0E7EF /* GetIDRequest.swift in Sources */,
				59D30E192176829B0063B303 /* EventTableViewController.swift in Sources */,
				8C8D05B621AE44F400B74D99 /* DomicilioModel.swift in Sources */,
				5919397B21A637F700B0E7EF /* CallSOAP.swift in Sources */,
				8C8D05B421AE3E3600B74D99 /* ServicioModel.swift in Sources */,
				59C6D53121751E88004E4813 /* NotificationsTableViewController.swift in Sources */,
				59CE674B21925F6D00A5D719 /* UITextField+Extension.swift in Sources */,
				59DABC1821A7294800D7445C /* GetEntityResponse.swift in Sources */,
				59D30E2A2176B7BA0063B303 /* CommitteeCell.swift in Sources */,
				59C6D53521754CAE004E4813 /* ChurchsTableViewController.swift in Sources */,
				8C8D05AA21ADB26B00B74D99 /* ComunidadModel.swift in Sources */,
				59DABC1B21A75F4600D7445C /* CategoriaCentroModel.swift in Sources */,
				8C7F08C321790F6E004A9FBF /* ChurchDetailTableViewCell.swift in Sources */,
				8C8D05B021ADE60D00B74D99 /* HorarioResoModel.swift in Sources */,
				59CE67482192594200A5D719 /* MaguenTextFieldDesign.swift in Sources */,
				59D30E1D2176A1E80063B303 /* SchoolsTableViewController.swift in Sources */,
				5919397921A6313D00B0E7EF /* Global.swift in Sources */,
				59BB4EFF21779965007CC317 /* YoutubeViewController.swift in Sources */,
				8C5CEF34216FA155002F5D56 /* StoreController.swift in Sources */,
				59C6D537217554AE004E4813 /* MediaTableViewController.swift in Sources */,
				59E61D5021A4F4AB00136CB6 /* GetModifyTablesRequest.swift in Sources */,
				8C7F08CF21798749004A9FBF /* YouthDetailCell.swift in Sources */,
				59BB4F052177A0B9007CC317 /* FacebookViewController.swift in Sources */,
				8C5CEF30216FA155002F5D56 /* AppDelegate.swift in Sources */,
				59E9875021711620004DDE0D /* KashrutController.swift in Sources */,
				59E9875221711B6C004DDE0D /* CardController.swift in Sources */,
				59E61D4E21A47CA300136CB6 /* SaldoResponse.swift in Sources */,
				59AA1A9D219CFACB00909453 /* LoginResponse.swift in Sources */,
				8C895D642194BF43004F5D46 /* AskLoginViewController.swift in Sources */,
				59D30E212176AA330063B303 /* YouthCell.swift in Sources */,
				8C8D05B221AE1B5B00B74D99 /* ServicioCentroModel.swift in Sources */,
				59D30E1B217684790063B303 /* EventCell.swift in Sources */,
				8C8D05AC21ADC0FB00B74D99 /* HorarioClaseModel.swift in Sources */,
				8C4B054C216FDEA80079A937 /* HomeCell.swift in Sources */,
				8C8D05A621ACF93300B74D99 /* CategoriaPublicacionModel.swift in Sources */,
				59D30E232176AB140063B303 /* YouthTableViewController.swift in Sources */,
				59BB4F0B2177C2D2007CC317 /* EventViewController.swift in Sources */,
				59BB4F072177A0CE007CC317 /* InstagramViewController.swift in Sources */,
				5919397721A628AF00B0E7EF /* GetEntityRequest.swift in Sources */,
				59C6D52D2174F66C004E4813 /* EmergencyController.swift in Sources */,
				5918142321A79BEA0025DEBE /* CentroModel.swift in Sources */,
				8C4B0548216FBD3E0079A937 /* HomeViewController.swift in Sources */,
				5919397321A5F98A00B0E7EF /* GetIDResponse.swift in Sources */,
				59BAF0B7217A5E9500756117 /* DailyPage02ViewController.swift in Sources */,
				59D30E2C2176B83B0063B303 /* CommitteeTableViewController.swift in Sources */,
				8C7F08C921792405004A9FBF /* ChurchDetailChildCell.swift in Sources */,
				59BB4F0321779F4D007CC317 /* MagazineViewController.swift in Sources */,
				8C8D05A421ACC66300B74D99 /* ComiteModel.swift in Sources */,
				59BAF0BC217A6A9800756117 /* MagazinePage02ViewController.swift in Sources */,
			);
			runOnlyForDeploymentPostprocessing = 0;
		};
/* End PBXSourcesBuildPhase section */

/* Begin PBXVariantGroup section */
		8C5CEF35216FA156002F5D56 /* Main.storyboard */ = {
			isa = PBXVariantGroup;
			children = (
				8C5CEF36216FA156002F5D56 /* Base */,
			);
			name = Main.storyboard;
			sourceTree = "<group>";
		};
		8C5CEF3A216FA159002F5D56 /* LaunchScreen.storyboard */ = {
			isa = PBXVariantGroup;
			children = (
				8C5CEF3B216FA159002F5D56 /* Base */,
			);
			name = LaunchScreen.storyboard;
			sourceTree = "<group>";
		};
/* End PBXVariantGroup section */

/* Begin XCBuildConfiguration section */
		8C5CEF3E216FA159002F5D56 /* Debug */ = {
			isa = XCBuildConfiguration;
			buildSettings = {
				ALWAYS_SEARCH_USER_PATHS = NO;
				CLANG_ANALYZER_NONNULL = YES;
				CLANG_ANALYZER_NUMBER_OBJECT_CONVERSION = YES_AGGRESSIVE;
				CLANG_CXX_LANGUAGE_STANDARD = "gnu++14";
				CLANG_CXX_LIBRARY = "libc++";
				CLANG_ENABLE_MODULES = YES;
				CLANG_ENABLE_OBJC_ARC = YES;
				CLANG_ENABLE_OBJC_WEAK = YES;
				CLANG_WARN_BLOCK_CAPTURE_AUTORELEASING = YES;
				CLANG_WARN_BOOL_CONVERSION = YES;
				CLANG_WARN_COMMA = YES;
				CLANG_WARN_CONSTANT_CONVERSION = YES;
				CLANG_WARN_DEPRECATED_OBJC_IMPLEMENTATIONS = YES;
				CLANG_WARN_DIRECT_OBJC_ISA_USAGE = YES_ERROR;
				CLANG_WARN_DOCUMENTATION_COMMENTS = YES;
				CLANG_WARN_EMPTY_BODY = YES;
				CLANG_WARN_ENUM_CONVERSION = YES;
				CLANG_WARN_INFINITE_RECURSION = YES;
				CLANG_WARN_INT_CONVERSION = YES;
				CLANG_WARN_NON_LITERAL_NULL_CONVERSION = YES;
				CLANG_WARN_OBJC_IMPLICIT_RETAIN_SELF = YES;
				CLANG_WARN_OBJC_LITERAL_CONVERSION = YES;
				CLANG_WARN_OBJC_ROOT_CLASS = YES_ERROR;
				CLANG_WARN_RANGE_LOOP_ANALYSIS = YES;
				CLANG_WARN_STRICT_PROTOTYPES = YES;
				CLANG_WARN_SUSPICIOUS_MOVE = YES;
				CLANG_WARN_UNGUARDED_AVAILABILITY = YES_AGGRESSIVE;
				CLANG_WARN_UNREACHABLE_CODE = YES;
				CLANG_WARN__DUPLICATE_METHOD_MATCH = YES;
				CODE_SIGN_IDENTITY = "iPhone Distribution: Alberto Amkie (94L5B9G92G)";
				CODE_SIGN_STYLE = Manual;
				COPY_PHASE_STRIP = NO;
				DEBUG_INFORMATION_FORMAT = dwarf;
				DEVELOPMENT_TEAM = 94L5B9G92G;
				ENABLE_STRICT_OBJC_MSGSEND = YES;
				ENABLE_TESTABILITY = YES;
				GCC_C_LANGUAGE_STANDARD = gnu11;
				GCC_DYNAMIC_NO_PIC = NO;
				GCC_NO_COMMON_BLOCKS = YES;
				GCC_OPTIMIZATION_LEVEL = 0;
				GCC_PREPROCESSOR_DEFINITIONS = (
					"DEBUG=1",
					"$(inherited)",
				);
				GCC_WARN_64_TO_32_BIT_CONVERSION = YES;
				GCC_WARN_ABOUT_RETURN_TYPE = YES_ERROR;
				GCC_WARN_UNDECLARED_SELECTOR = YES;
				GCC_WARN_UNINITIALIZED_AUTOS = YES_AGGRESSIVE;
				GCC_WARN_UNUSED_FUNCTION = YES;
				GCC_WARN_UNUSED_VARIABLE = YES;
				IPHONEOS_DEPLOYMENT_TARGET = 12.0;
				MTL_ENABLE_DEBUG_INFO = INCLUDE_SOURCE;
				MTL_FAST_MATH = YES;
				ONLY_ACTIVE_ARCH = YES;
				SDKROOT = iphoneos;
				SWIFT_ACTIVE_COMPILATION_CONDITIONS = DEBUG;
				SWIFT_OPTIMIZATION_LEVEL = "-Onone";
			};
			name = Debug;
		};
		8C5CEF3F216FA159002F5D56 /* Release */ = {
			isa = XCBuildConfiguration;
			buildSettings = {
				ALWAYS_SEARCH_USER_PATHS = NO;
				CLANG_ANALYZER_NONNULL = YES;
				CLANG_ANALYZER_NUMBER_OBJECT_CONVERSION = YES_AGGRESSIVE;
				CLANG_CXX_LANGUAGE_STANDARD = "gnu++14";
				CLANG_CXX_LIBRARY = "libc++";
				CLANG_ENABLE_MODULES = YES;
				CLANG_ENABLE_OBJC_ARC = YES;
				CLANG_ENABLE_OBJC_WEAK = YES;
				CLANG_WARN_BLOCK_CAPTURE_AUTORELEASING = YES;
				CLANG_WARN_BOOL_CONVERSION = YES;
				CLANG_WARN_COMMA = YES;
				CLANG_WARN_CONSTANT_CONVERSION = YES;
				CLANG_WARN_DEPRECATED_OBJC_IMPLEMENTATIONS = YES;
				CLANG_WARN_DIRECT_OBJC_ISA_USAGE = YES_ERROR;
				CLANG_WARN_DOCUMENTATION_COMMENTS = YES;
				CLANG_WARN_EMPTY_BODY = YES;
				CLANG_WARN_ENUM_CONVERSION = YES;
				CLANG_WARN_INFINITE_RECURSION = YES;
				CLANG_WARN_INT_CONVERSION = YES;
				CLANG_WARN_NON_LITERAL_NULL_CONVERSION = YES;
				CLANG_WARN_OBJC_IMPLICIT_RETAIN_SELF = YES;
				CLANG_WARN_OBJC_LITERAL_CONVERSION = YES;
				CLANG_WARN_OBJC_ROOT_CLASS = YES_ERROR;
				CLANG_WARN_RANGE_LOOP_ANALYSIS = YES;
				CLANG_WARN_STRICT_PROTOTYPES = YES;
				CLANG_WARN_SUSPICIOUS_MOVE = YES;
				CLANG_WARN_UNGUARDED_AVAILABILITY = YES_AGGRESSIVE;
				CLANG_WARN_UNREACHABLE_CODE = YES;
				CLANG_WARN__DUPLICATE_METHOD_MATCH = YES;
				CODE_SIGN_IDENTITY = "iPhone Distribution: Alberto Amkie (94L5B9G92G)";
				CODE_SIGN_STYLE = Manual;
				COPY_PHASE_STRIP = NO;
				DEBUG_INFORMATION_FORMAT = "dwarf-with-dsym";
				DEVELOPMENT_TEAM = 94L5B9G92G;
				ENABLE_NS_ASSERTIONS = NO;
				ENABLE_STRICT_OBJC_MSGSEND = YES;
				GCC_C_LANGUAGE_STANDARD = gnu11;
				GCC_NO_COMMON_BLOCKS = YES;
				GCC_WARN_64_TO_32_BIT_CONVERSION = YES;
				GCC_WARN_ABOUT_RETURN_TYPE = YES_ERROR;
				GCC_WARN_UNDECLARED_SELECTOR = YES;
				GCC_WARN_UNINITIALIZED_AUTOS = YES_AGGRESSIVE;
				GCC_WARN_UNUSED_FUNCTION = YES;
				GCC_WARN_UNUSED_VARIABLE = YES;
				IPHONEOS_DEPLOYMENT_TARGET = 12.0;
				MTL_ENABLE_DEBUG_INFO = NO;
				MTL_FAST_MATH = YES;
				SDKROOT = iphoneos;
				SWIFT_COMPILATION_MODE = wholemodule;
				SWIFT_OPTIMIZATION_LEVEL = "-O";
				VALIDATE_PRODUCT = YES;
			};
			name = Release;
		};
		8C5CEF41216FA159002F5D56 /* Debug */ = {
			isa = XCBuildConfiguration;
			baseConfigurationReference = 50FC3295375B0EFE71FEFBEC /* Pods-Maguen.debug.xcconfig */;
			buildSettings = {
				ASSETCATALOG_COMPILER_APPICON_NAME = AppIcon;
				CODE_SIGN_IDENTITY = "iPhone Developer";
				CODE_SIGN_STYLE = Automatic;
				DEVELOPMENT_TEAM = 94L5B9G92G;
				INFOPLIST_FILE = Maguen/Info.plist;
				LD_RUNPATH_SEARCH_PATHS = (
					"$(inherited)",
					"@executable_path/Frameworks",
				);
				PRODUCT_BUNDLE_IDENTIFIER = EB.Maguen.David;
				PRODUCT_NAME = "$(TARGET_NAME)";
				PROVISIONING_PROFILE_SPECIFIER = "";
				SWIFT_VERSION = 4.2;
				TARGETED_DEVICE_FAMILY = 1;
			};
			name = Debug;
		};
		8C5CEF42216FA159002F5D56 /* Release */ = {
			isa = XCBuildConfiguration;
			baseConfigurationReference = 7F8F764BC2093E1B97B5F49F /* Pods-Maguen.release.xcconfig */;
			buildSettings = {
				ASSETCATALOG_COMPILER_APPICON_NAME = AppIcon;
				CODE_SIGN_IDENTITY = "iPhone Developer";
				CODE_SIGN_STYLE = Automatic;
				DEVELOPMENT_TEAM = 94L5B9G92G;
				INFOPLIST_FILE = Maguen/Info.plist;
				LD_RUNPATH_SEARCH_PATHS = (
					"$(inherited)",
					"@executable_path/Frameworks",
				);
				PRODUCT_BUNDLE_IDENTIFIER = EB.Maguen.David;
				PRODUCT_NAME = "$(TARGET_NAME)";
				PROVISIONING_PROFILE_SPECIFIER = "";
				SWIFT_VERSION = 4.2;
				TARGETED_DEVICE_FAMILY = 1;
			};
			name = Release;
		};
/* End XCBuildConfiguration section */

/* Begin XCConfigurationList section */
		8C5CEF27216FA155002F5D56 /* Build configuration list for PBXProject "Maguen" */ = {
			isa = XCConfigurationList;
			buildConfigurations = (
				8C5CEF3E216FA159002F5D56 /* Debug */,
				8C5CEF3F216FA159002F5D56 /* Release */,
			);
			defaultConfigurationIsVisible = 0;
			defaultConfigurationName = Release;
		};
		8C5CEF40216FA159002F5D56 /* Build configuration list for PBXNativeTarget "Maguen" */ = {
			isa = XCConfigurationList;
			buildConfigurations = (
				8C5CEF41216FA159002F5D56 /* Debug */,
				8C5CEF42216FA159002F5D56 /* Release */,
			);
			defaultConfigurationIsVisible = 0;
			defaultConfigurationName = Release;
		};
/* End XCConfigurationList section */
	};
	rootObject = 8C5CEF24216FA155002F5D56 /* Project object */;
}
